
Microsoft Visual Studio Solution File, Format Version 12.00
# Visual Studio 15
VisualStudioVersion = 15.0.26124.0
MinimumVisualStudioVersion = 15.0.26124.0
Project("{FAE04EC0-301F-11D3-BF4B-00C04F79EFBC}") = "Stone.FluxoCaixa.Tests", "tests\Stone.FluxoCaixa.Tests\Stone.FluxoCaixa.Tests.csproj", "{BBAE5F1B-EAB4-423E-BF61-A6C721983C8F}"
EndProject
Project("{FAE04EC0-301F-11D3-BF4B-00C04F79EFBC}") = "Stone.Lancamento.Application", "src\Stone.Lancamento.Application\Stone.Lancamento.Application.csproj", "{B189F603-13B3-4832-A380-9284FDE90FF4}"
EndProject
Project("{FAE04EC0-301F-11D3-BF4B-00C04F79EFBC}") = "Stone.Lancamento.Domain", "src\Stone.Lancamento.Domain\Stone.Lancamento.Domain.csproj", "{0D123BE6-E6B9-42B5-B478-02759712B339}"
EndProject
Project("{FAE04EC0-301F-11D3-BF4B-00C04F79EFBC}") = "Stone.Lancamento.Persistence", "src\Stone.Lancamento.Persistence\Stone.Lancamento.Persistence.csproj", "{1620C552-96E0-4FA5-8219-4B836F7A437F}"
EndProject
Project("{FAE04EC0-301F-11D3-BF4B-00C04F79EFBC}") = "Stone.Lancamento.WebApi", "src\Stone.Lancamento.WebApi\Stone.Lancamento.WebApi.csproj", "{784D87A2-5611-4721-8A58-EA8F30DD1B2D}"
EndProject
Project("{2150E333-8FDC-42A3-9474-1A3956D46DE8}") = "Application", "Application", "{D53DFBD8-7AA7-4707-AB1E-9B562A3D8A20}"
EndProject
Project("{2150E333-8FDC-42A3-9474-1A3956D46DE8}") = "Domain", "Domain", "{7AA3ABEF-764F-4420-8883-D26092FCC1E2}"
EndProject
Project("{2150E333-8FDC-42A3-9474-1A3956D46DE8}") = "Infraestructure", "Infraestructure", "{3F6BD18D-13D1-48C1-9FBB-F93F6214A233}"
EndProject
Project("{2150E333-8FDC-42A3-9474-1A3956D46DE8}") = "Presentation", "Presentation", "{C7CD69BB-FCC7-49AA-A627-D889EEAC1D23}"
EndProject
Project("{2150E333-8FDC-42A3-9474-1A3956D46DE8}") = "Tests", "Tests", "{3CB7B0BB-D906-4A7D-9880-004B33D335EC}"
EndProject
Project("{FAE04EC0-301F-11D3-BF4B-00C04F79EFBC}") = "Stone.Sdk", "..\sdk\Stone.Sdk\Stone.Sdk.csproj", "{48FED423-6124-481C-8964-BBEE7F2DDE84}"
EndProject
Project("{FAE04EC0-301F-11D3-BF4B-00C04F79EFBC}") = "Stone.Lancamento.Consolidador", "src\Stone.Lancamento.Consolidador\Stone.Lancamento.Consolidador.csproj", "{A0A7C1FE-50FE-46D2-BA3A-9B53940431B9}"
EndProject
Global
	GlobalSection(SolutionConfigurationPlatforms) = preSolution
		Debug|Any CPU = Debug|Any CPU
		Debug|x64 = Debug|x64
		Debug|x86 = Debug|x86
		Release|Any CPU = Release|Any CPU
		Release|x64 = Release|x64
		Release|x86 = Release|x86
	EndGlobalSection
	GlobalSection(SolutionProperties) = preSolution
		HideSolutionNode = FALSE
	EndGlobalSection
	GlobalSection(ProjectConfigurationPlatforms) = postSolution
		{BBAE5F1B-EAB4-423E-BF61-A6C721983C8F}.Debug|Any CPU.ActiveCfg = Debug|Any CPU
		{BBAE5F1B-EAB4-423E-BF61-A6C721983C8F}.Debug|Any CPU.Build.0 = Debug|Any CPU
		{BBAE5F1B-EAB4-423E-BF61-A6C721983C8F}.Debug|x64.ActiveCfg = Debug|Any CPU
		{BBAE5F1B-EAB4-423E-BF61-A6C721983C8F}.Debug|x64.Build.0 = Debug|Any CPU
		{BBAE5F1B-EAB4-423E-BF61-A6C721983C8F}.Debug|x86.ActiveCfg = Debug|Any CPU
		{BBAE5F1B-EAB4-423E-BF61-A6C721983C8F}.Debug|x86.Build.0 = Debug|Any CPU
		{BBAE5F1B-EAB4-423E-BF61-A6C721983C8F}.Release|Any CPU.ActiveCfg = Release|Any CPU
		{BBAE5F1B-EAB4-423E-BF61-A6C721983C8F}.Release|Any CPU.Build.0 = Release|Any CPU
		{BBAE5F1B-EAB4-423E-BF61-A6C721983C8F}.Release|x64.ActiveCfg = Release|Any CPU
		{BBAE5F1B-EAB4-423E-BF61-A6C721983C8F}.Release|x64.Build.0 = Release|Any CPU
		{BBAE5F1B-EAB4-423E-BF61-A6C721983C8F}.Release|x86.ActiveCfg = Release|Any CPU
		{BBAE5F1B-EAB4-423E-BF61-A6C721983C8F}.Release|x86.Build.0 = Release|Any CPU
		{B189F603-13B3-4832-A380-9284FDE90FF4}.Debug|Any CPU.ActiveCfg = Debug|Any CPU
		{B189F603-13B3-4832-A380-9284FDE90FF4}.Debug|Any CPU.Build.0 = Debug|Any CPU
		{B189F603-13B3-4832-A380-9284FDE90FF4}.Debug|x64.ActiveCfg = Debug|Any CPU
		{B189F603-13B3-4832-A380-9284FDE90FF4}.Debug|x64.Build.0 = Debug|Any CPU
		{B189F603-13B3-4832-A380-9284FDE90FF4}.Debug|x86.ActiveCfg = Debug|Any CPU
		{B189F603-13B3-4832-A380-9284FDE90FF4}.Debug|x86.Build.0 = Debug|Any CPU
		{B189F603-13B3-4832-A380-9284FDE90FF4}.Release|Any CPU.ActiveCfg = Release|Any CPU
		{B189F603-13B3-4832-A380-9284FDE90FF4}.Release|Any CPU.Build.0 = Release|Any CPU
		{B189F603-13B3-4832-A380-9284FDE90FF4}.Release|x64.ActiveCfg = Release|Any CPU
		{B189F603-13B3-4832-A380-9284FDE90FF4}.Release|x64.Build.0 = Release|Any CPU
		{B189F603-13B3-4832-A380-9284FDE90FF4}.Release|x86.ActiveCfg = Release|Any CPU
		{B189F603-13B3-4832-A380-9284FDE90FF4}.Release|x86.Build.0 = Release|Any CPU
		{0D123BE6-E6B9-42B5-B478-02759712B339}.Debug|Any CPU.ActiveCfg = Debug|Any CPU
		{0D123BE6-E6B9-42B5-B478-02759712B339}.Debug|Any CPU.Build.0 = Debug|Any CPU
		{0D123BE6-E6B9-42B5-B478-02759712B339}.Debug|x64.ActiveCfg = Debug|Any CPU
		{0D123BE6-E6B9-42B5-B478-02759712B339}.Debug|x64.Build.0 = Debug|Any CPU
		{0D123BE6-E6B9-42B5-B478-02759712B339}.Debug|x86.ActiveCfg = Debug|Any CPU
		{0D123BE6-E6B9-42B5-B478-02759712B339}.Debug|x86.Build.0 = Debug|Any CPU
		{0D123BE6-E6B9-42B5-B478-02759712B339}.Release|Any CPU.ActiveCfg = Release|Any CPU
		{0D123BE6-E6B9-42B5-B478-02759712B339}.Release|Any CPU.Build.0 = Release|Any CPU
		{0D123BE6-E6B9-42B5-B478-02759712B339}.Release|x64.ActiveCfg = Release|Any CPU
		{0D123BE6-E6B9-42B5-B478-02759712B339}.Release|x64.Build.0 = Release|Any CPU
		{0D123BE6-E6B9-42B5-B478-02759712B339}.Release|x86.ActiveCfg = Release|Any CPU
		{0D123BE6-E6B9-42B5-B478-02759712B339}.Release|x86.Build.0 = Release|Any CPU
		{1620C552-96E0-4FA5-8219-4B836F7A437F}.Debug|Any CPU.ActiveCfg = Debug|Any CPU
		{1620C552-96E0-4FA5-8219-4B836F7A437F}.Debug|Any CPU.Build.0 = Debug|Any CPU
		{1620C552-96E0-4FA5-8219-4B836F7A437F}.Debug|x64.ActiveCfg = Debug|Any CPU
		{1620C552-96E0-4FA5-8219-4B836F7A437F}.Debug|x64.Build.0 = Debug|Any CPU
		{1620C552-96E0-4FA5-8219-4B836F7A437F}.Debug|x86.ActiveCfg = Debug|Any CPU
		{1620C552-96E0-4FA5-8219-4B836F7A437F}.Debug|x86.Build.0 = Debug|Any CPU
		{1620C552-96E0-4FA5-8219-4B836F7A437F}.Release|Any CPU.ActiveCfg = Release|Any CPU
		{1620C552-96E0-4FA5-8219-4B836F7A437F}.Release|Any CPU.Build.0 = Release|Any CPU
		{1620C552-96E0-4FA5-8219-4B836F7A437F}.Release|x64.ActiveCfg = Release|Any CPU
		{1620C552-96E0-4FA5-8219-4B836F7A437F}.Release|x64.Build.0 = Release|Any CPU
		{1620C552-96E0-4FA5-8219-4B836F7A437F}.Release|x86.ActiveCfg = Release|Any CPU
		{1620C552-96E0-4FA5-8219-4B836F7A437F}.Release|x86.Build.0 = Release|Any CPU
		{784D87A2-5611-4721-8A58-EA8F30DD1B2D}.Debug|Any CPU.ActiveCfg = Debug|Any CPU
		{784D87A2-5611-4721-8A58-EA8F30DD1B2D}.Debug|Any CPU.Build.0 = Debug|Any CPU
		{784D87A2-5611-4721-8A58-EA8F30DD1B2D}.Debug|x64.ActiveCfg = Debug|Any CPU
		{784D87A2-5611-4721-8A58-EA8F30DD1B2D}.Debug|x64.Build.0 = Debug|Any CPU
		{784D87A2-5611-4721-8A58-EA8F30DD1B2D}.Debug|x86.ActiveCfg = Debug|Any CPU
		{784D87A2-5611-4721-8A58-EA8F30DD1B2D}.Debug|x86.Build.0 = Debug|Any CPU
		{784D87A2-5611-4721-8A58-EA8F30DD1B2D}.Release|Any CPU.ActiveCfg = Release|Any CPU
		{784D87A2-5611-4721-8A58-EA8F30DD1B2D}.Release|Any CPU.Build.0 = Release|Any CPU
		{784D87A2-5611-4721-8A58-EA8F30DD1B2D}.Release|x64.ActiveCfg = Release|Any CPU
		{784D87A2-5611-4721-8A58-EA8F30DD1B2D}.Release|x64.Build.0 = Release|Any CPU
		{784D87A2-5611-4721-8A58-EA8F30DD1B2D}.Release|x86.ActiveCfg = Release|Any CPU
		{784D87A2-5611-4721-8A58-EA8F30DD1B2D}.Release|x86.Build.0 = Release|Any CPU
		{48FED423-6124-481C-8964-BBEE7F2DDE84}.Debug|Any CPU.ActiveCfg = Debug|Any CPU
		{48FED423-6124-481C-8964-BBEE7F2DDE84}.Debug|Any CPU.Build.0 = Debug|Any CPU
		{48FED423-6124-481C-8964-BBEE7F2DDE84}.Debug|x64.ActiveCfg = Debug|Any CPU
		{48FED423-6124-481C-8964-BBEE7F2DDE84}.Debug|x64.Build.0 = Debug|Any CPU
		{48FED423-6124-481C-8964-BBEE7F2DDE84}.Debug|x86.ActiveCfg = Debug|Any CPU
		{48FED423-6124-481C-8964-BBEE7F2DDE84}.Debug|x86.Build.0 = Debug|Any CPU
		{48FED423-6124-481C-8964-BBEE7F2DDE84}.Release|Any CPU.ActiveCfg = Release|Any CPU
		{48FED423-6124-481C-8964-BBEE7F2DDE84}.Release|Any CPU.Build.0 = Release|Any CPU
		{48FED423-6124-481C-8964-BBEE7F2DDE84}.Release|x64.ActiveCfg = Release|Any CPU
		{48FED423-6124-481C-8964-BBEE7F2DDE84}.Release|x64.Build.0 = Release|Any CPU
		{48FED423-6124-481C-8964-BBEE7F2DDE84}.Release|x86.ActiveCfg = Release|Any CPU
		{48FED423-6124-481C-8964-BBEE7F2DDE84}.Release|x86.Build.0 = Release|Any CPU
		{A0A7C1FE-50FE-46D2-BA3A-9B53940431B9}.Debug|Any CPU.ActiveCfg = Debug|Any CPU
		{A0A7C1FE-50FE-46D2-BA3A-9B53940431B9}.Debug|Any CPU.Build.0 = Debug|Any CPU
		{A0A7C1FE-50FE-46D2-BA3A-9B53940431B9}.Debug|x64.ActiveCfg = Debug|Any CPU
		{A0A7C1FE-50FE-46D2-BA3A-9B53940431B9}.Debug|x64.Build.0 = Debug|Any CPU
		{A0A7C1FE-50FE-46D2-BA3A-9B53940431B9}.Debug|x86.ActiveCfg = Debug|Any CPU
		{A0A7C1FE-50FE-46D2-BA3A-9B53940431B9}.Debug|x86.Build.0 = Debug|Any CPU
		{A0A7C1FE-50FE-46D2-BA3A-9B53940431B9}.Release|Any CPU.ActiveCfg = Release|Any CPU
		{A0A7C1FE-50FE-46D2-BA3A-9B53940431B9}.Release|Any CPU.Build.0 = Release|Any CPU
		{A0A7C1FE-50FE-46D2-BA3A-9B53940431B9}.Release|x64.ActiveCfg = Release|Any CPU
		{A0A7C1FE-50FE-46D2-BA3A-9B53940431B9}.Release|x64.Build.0 = Release|Any CPU
		{A0A7C1FE-50FE-46D2-BA3A-9B53940431B9}.Release|x86.ActiveCfg = Release|Any CPU
		{A0A7C1FE-50FE-46D2-BA3A-9B53940431B9}.Release|x86.Build.0 = Release|Any CPU
	EndGlobalSection
	GlobalSection(NestedProjects) = preSolution
		{B189F603-13B3-4832-A380-9284FDE90FF4} = {D53DFBD8-7AA7-4707-AB1E-9B562A3D8A20}
		{0D123BE6-E6B9-42B5-B478-02759712B339} = {7AA3ABEF-764F-4420-8883-D26092FCC1E2}
		{784D87A2-5611-4721-8A58-EA8F30DD1B2D} = {C7CD69BB-FCC7-49AA-A627-D889EEAC1D23}
		{1620C552-96E0-4FA5-8219-4B836F7A437F} = {3F6BD18D-13D1-48C1-9FBB-F93F6214A233}
		{BBAE5F1B-EAB4-423E-BF61-A6C721983C8F} = {3CB7B0BB-D906-4A7D-9880-004B33D335EC}
		{48FED423-6124-481C-8964-BBEE7F2DDE84} = {3F6BD18D-13D1-48C1-9FBB-F93F6214A233}
		{A0A7C1FE-50FE-46D2-BA3A-9B53940431B9} = {C7CD69BB-FCC7-49AA-A627-D889EEAC1D23}
	EndGlobalSection
EndGlobal
